
Microsoft Visual Studio Solution File, Format Version 12.00
# Visual Studio Version 16
VisualStudioVersion = 16.0.31129.286
MinimumVisualStudioVersion = 10.0.40219.1
Project("{FAE04EC0-301F-11D3-BF4B-00C04F79EFBC}") = "base58Converter", "base58Converter\base58Converter.csproj", "{23F58678-4FA6-4758-9C57-D8EA1AA15FAB}"
EndProject
Global
	GlobalSection(SolutionConfigurationPlatforms) = preSolution
		Debug|Any CPU = Debug|Any CPU
		Release|Any CPU = Release|Any CPU
	EndGlobalSection
	GlobalSection(ProjectConfigurationPlatforms) = postSolution
		{23F58678-4FA6-4758-9C57-D8EA1AA15FAB}.Debug|Any CPU.ActiveCfg = Debug|Any CPU
		{23F58678-4FA6-4758-9C57-D8EA1AA15FAB}.Debug|Any CPU.Build.0 = Debug|Any CPU
		{23F58678-4FA6-4758-9C57-D8EA1AA15FAB}.Release|Any CPU.ActiveCfg = Release|Any CPU
		{23F58678-4FA6-4758-9C57-D8EA1AA15FAB}.Release|Any CPU.Build.0 = Release|Any CPU
	EndGlobalSection
	GlobalSection(SolutionProperties) = preSolution
		HideSolutionNode = FALSE
	EndGlobalSection
	GlobalSection(ExtensibilityGlobals) = postSolution
		SolutionGuid = {6AF1E54A-2EDB-4F01-96AA-503F2A321250}
	EndGlobalSection
EndGlobal
